
Microsoft Visual Studio Solution File, Format Version 12.00
# Visual Studio Version 16
VisualStudioVersion = 16.0.31624.102
MinimumVisualStudioVersion = 10.0.40219.1
Project("{FAE04EC0-301F-11D3-BF4B-00C04F79EFBC}") = "Doviz_Uygulamasi", "Doviz_Uygulamasi\Doviz_Uygulamasi.csproj", "{7F2B0097-841A-4E42-9C0C-781C09895145}"
EndProject
Global
	GlobalSection(SolutionConfigurationPlatforms) = preSolution
		Debug|Any CPU = Debug|Any CPU
		Release|Any CPU = Release|Any CPU
	EndGlobalSection
	GlobalSection(ProjectConfigurationPlatforms) = postSolution
		{7F2B0097-841A-4E42-9C0C-781C09895145}.Debug|Any CPU.ActiveCfg = Debug|Any CPU
		{7F2B0097-841A-4E42-9C0C-781C09895145}.Debug|Any CPU.Build.0 = Debug|Any CPU
		{7F2B0097-841A-4E42-9C0C-781C09895145}.Release|Any CPU.ActiveCfg = Release|Any CPU
		{7F2B0097-841A-4E42-9C0C-781C09895145}.Release|Any CPU.Build.0 = Release|Any CPU
	EndGlobalSection
	GlobalSection(SolutionProperties) = preSolution
		HideSolutionNode = FALSE
	EndGlobalSection
	GlobalSection(ExtensibilityGlobals) = postSolution
		SolutionGuid = {0DBF744C-2F81-4DF4-B16D-465BD82D74A7}
	EndGlobalSection
EndGlobal
